
Microsoft Visual Studio Solution File, Format Version 12.00
# Visual Studio 15
VisualStudioVersion = 15.0.26430.15
MinimumVisualStudioVersion = 10.0.40219.1
Project("{FAE04EC0-301F-11D3-BF4B-00C04F79EFBC}") = "DroneApp.Android", "DroneApp\DroneApp.Android\DroneApp.Android.csproj", "{F1522BD0-61E5-4058-BE8B-9BD2062B0CA1}"
EndProject
Project("{FAE04EC0-301F-11D3-BF4B-00C04F79EFBC}") = "DroneApp", "DroneApp\DroneApp\DroneApp.csproj", "{38D34C2B-D6DD-438B-8C71-8B0916499A86}"
EndProject
Project("{FAE04EC0-301F-11D3-BF4B-00C04F79EFBC}") = "DroneApp.UWP", "DroneApp\DroneApp.UWP\DroneApp.UWP.csproj", "{60ECEB7A-14E7-476E-B51D-4C8E3750D22D}"
EndProject
Project("{FAE04EC0-301F-11D3-BF4B-00C04F79EFBC}") = "DroneApp.iOS", "DroneApp\DroneApp.iOS\DroneApp.iOS.csproj", "{A3559416-732F-443B-8529-0B3FF74A021C}"
EndProject
Global
	GlobalSection(SolutionConfigurationPlatforms) = preSolution
		Ad-Hoc|Any CPU = Ad-Hoc|Any CPU
		Ad-Hoc|ARM = Ad-Hoc|ARM
		Ad-Hoc|iPhone = Ad-Hoc|iPhone
		Ad-Hoc|iPhoneSimulator = Ad-Hoc|iPhoneSimulator
		Ad-Hoc|x64 = Ad-Hoc|x64
		Ad-Hoc|x86 = Ad-Hoc|x86
		AppStore|Any CPU = AppStore|Any CPU
		AppStore|ARM = AppStore|ARM
		AppStore|iPhone = AppStore|iPhone
		AppStore|iPhoneSimulator = AppStore|iPhoneSimulator
		AppStore|x64 = AppStore|x64
		AppStore|x86 = AppStore|x86
		Debug|Any CPU = Debug|Any CPU
		Debug|ARM = Debug|ARM
		Debug|iPhone = Debug|iPhone
		Debug|iPhoneSimulator = Debug|iPhoneSimulator
		Debug|x64 = Debug|x64
		Debug|x86 = Debug|x86
		Release|Any CPU = Release|Any CPU
		Release|ARM = Release|ARM
		Release|iPhone = Release|iPhone
		Release|iPhoneSimulator = Release|iPhoneSimulator
		Release|x64 = Release|x64
		Release|x86 = Release|x86
	EndGlobalSection
	GlobalSection(ProjectConfigurationPlatforms) = postSolution
		{F1522BD0-61E5-4058-BE8B-9BD2062B0CA1}.Ad-Hoc|Any CPU.ActiveCfg = Release|Any CPU
		{F1522BD0-61E5-4058-BE8B-9BD2062B0CA1}.Ad-Hoc|Any CPU.Build.0 = Release|Any CPU
		{F1522BD0-61E5-4058-BE8B-9BD2062B0CA1}.Ad-Hoc|Any CPU.Deploy.0 = Release|Any CPU
		{F1522BD0-61E5-4058-BE8B-9BD2062B0CA1}.Ad-Hoc|ARM.ActiveCfg = Release|Any CPU
		{F1522BD0-61E5-4058-BE8B-9BD2062B0CA1}.Ad-Hoc|ARM.Build.0 = Release|Any CPU
		{F1522BD0-61E5-4058-BE8B-9BD2062B0CA1}.Ad-Hoc|ARM.Deploy.0 = Release|Any CPU
		{F1522BD0-61E5-4058-BE8B-9BD2062B0CA1}.Ad-Hoc|iPhone.ActiveCfg = Release|Any CPU
		{F1522BD0-61E5-4058-BE8B-9BD2062B0CA1}.Ad-Hoc|iPhone.Build.0 = Release|Any CPU
		{F1522BD0-61E5-4058-BE8B-9BD2062B0CA1}.Ad-Hoc|iPhone.Deploy.0 = Release|Any CPU
		{F1522BD0-61E5-4058-BE8B-9BD2062B0CA1}.Ad-Hoc|iPhoneSimulator.ActiveCfg = Release|Any CPU
		{F1522BD0-61E5-4058-BE8B-9BD2062B0CA1}.Ad-Hoc|iPhoneSimulator.Build.0 = Release|Any CPU
		{F1522BD0-61E5-4058-BE8B-9BD2062B0CA1}.Ad-Hoc|iPhoneSimulator.Deploy.0 = Release|Any CPU
		{F1522BD0-61E5-4058-BE8B-9BD2062B0CA1}.Ad-Hoc|x64.ActiveCfg = Release|Any CPU
		{F1522BD0-61E5-4058-BE8B-9BD2062B0CA1}.Ad-Hoc|x64.Build.0 = Release|Any CPU
		{F1522BD0-61E5-4058-BE8B-9BD2062B0CA1}.Ad-Hoc|x64.Deploy.0 = Release|Any CPU
		{F1522BD0-61E5-4058-BE8B-9BD2062B0CA1}.Ad-Hoc|x86.ActiveCfg = Release|Any CPU
		{F1522BD0-61E5-4058-BE8B-9BD2062B0CA1}.Ad-Hoc|x86.Build.0 = Release|Any CPU
		{F1522BD0-61E5-4058-BE8B-9BD2062B0CA1}.Ad-Hoc|x86.Deploy.0 = Release|Any CPU
		{F1522BD0-61E5-4058-BE8B-9BD2062B0CA1}.AppStore|Any CPU.ActiveCfg = Release|Any CPU
		{F1522BD0-61E5-4058-BE8B-9BD2062B0CA1}.AppStore|Any CPU.Build.0 = Release|Any CPU
		{F1522BD0-61E5-4058-BE8B-9BD2062B0CA1}.AppStore|Any CPU.Deploy.0 = Release|Any CPU
		{F1522BD0-61E5-4058-BE8B-9BD2062B0CA1}.AppStore|ARM.ActiveCfg = Release|Any CPU
		{F1522BD0-61E5-4058-BE8B-9BD2062B0CA1}.AppStore|ARM.Build.0 = Release|Any CPU
		{F1522BD0-61E5-4058-BE8B-9BD2062B0CA1}.AppStore|ARM.Deploy.0 = Release|Any CPU
		{F1522BD0-61E5-4058-BE8B-9BD2062B0CA1}.AppStore|iPhone.ActiveCfg = Release|Any CPU
		{F1522BD0-61E5-4058-BE8B-9BD2062B0CA1}.AppStore|iPhone.Build.0 = Release|Any CPU
		{F1522BD0-61E5-4058-BE8B-9BD2062B0CA1}.AppStore|iPhone.Deploy.0 = Release|Any CPU
		{F1522BD0-61E5-4058-BE8B-9BD2062B0CA1}.AppStore|iPhoneSimulator.ActiveCfg = Release|Any CPU
		{F1522BD0-61E5-4058-BE8B-9BD2062B0CA1}.AppStore|iPhoneSimulator.Build.0 = Release|Any CPU
		{F1522BD0-61E5-4058-BE8B-9BD2062B0CA1}.AppStore|iPhoneSimulator.Deploy.0 = Release|Any CPU
		{F1522BD0-61E5-4058-BE8B-9BD2062B0CA1}.AppStore|x64.ActiveCfg = Release|Any CPU
		{F1522BD0-61E5-4058-BE8B-9BD2062B0CA1}.AppStore|x64.Build.0 = Release|Any CPU
		{F1522BD0-61E5-4058-BE8B-9BD2062B0CA1}.AppStore|x64.Deploy.0 = Release|Any CPU
		{F1522BD0-61E5-4058-BE8B-9BD2062B0CA1}.AppStore|x86.ActiveCfg = Release|Any CPU
		{F1522BD0-61E5-4058-BE8B-9BD2062B0CA1}.AppStore|x86.Build.0 = Release|Any CPU
		{F1522BD0-61E5-4058-BE8B-9BD2062B0CA1}.AppStore|x86.Deploy.0 = Release|Any CPU
		{F1522BD0-61E5-4058-BE8B-9BD2062B0CA1}.Debug|Any CPU.ActiveCfg = Debug|Any CPU
		{F1522BD0-61E5-4058-BE8B-9BD2062B0CA1}.Debug|Any CPU.Build.0 = Debug|Any CPU
		{F1522BD0-61E5-4058-BE8B-9BD2062B0CA1}.Debug|Any CPU.Deploy.0 = Debug|Any CPU
		{F1522BD0-61E5-4058-BE8B-9BD2062B0CA1}.Debug|ARM.ActiveCfg = Debug|Any CPU
		{F1522BD0-61E5-4058-BE8B-9BD2062B0CA1}.Debug|ARM.Build.0 = Debug|Any CPU
		{F1522BD0-61E5-4058-BE8B-9BD2062B0CA1}.Debug|ARM.Deploy.0 = Debug|Any CPU
		{F1522BD0-61E5-4058-BE8B-9BD2062B0CA1}.Debug|iPhone.ActiveCfg = Debug|Any CPU
		{F1522BD0-61E5-4058-BE8B-9BD2062B0CA1}.Debug|iPhone.Build.0 = Debug|Any CPU
		{F1522BD0-61E5-4058-BE8B-9BD2062B0CA1}.Debug|iPhone.Deploy.0 = Debug|Any CPU
		{F1522BD0-61E5-4058-BE8B-9BD2062B0CA1}.Debug|iPhoneSimulator.ActiveCfg = Debug|Any CPU
		{F1522BD0-61E5-4058-BE8B-9BD2062B0CA1}.Debug|iPhoneSimulator.Build.0 = Debug|Any CPU
		{F1522BD0-61E5-4058-BE8B-9BD2062B0CA1}.Debug|iPhoneSimulator.Deploy.0 = Debug|Any CPU
		{F1522BD0-61E5-4058-BE8B-9BD2062B0CA1}.Debug|x64.ActiveCfg = Debug|Any CPU
		{F1522BD0-61E5-4058-BE8B-9BD2062B0CA1}.Debug|x64.Build.0 = Debug|Any CPU
		{F1522BD0-61E5-4058-BE8B-9BD2062B0CA1}.Debug|x64.Deploy.0 = Debug|Any CPU
		{F1522BD0-61E5-4058-BE8B-9BD2062B0CA1}.Debug|x86.ActiveCfg = Debug|Any CPU
		{F1522BD0-61E5-4058-BE8B-9BD2062B0CA1}.Debug|x86.Build.0 = Debug|Any CPU
		{F1522BD0-61E5-4058-BE8B-9BD2062B0CA1}.Debug|x86.Deploy.0 = Debug|Any CPU
		{F1522BD0-61E5-4058-BE8B-9BD2062B0CA1}.Release|Any CPU.ActiveCfg = Release|Any CPU
		{F1522BD0-61E5-4058-BE8B-9BD2062B0CA1}.Release|Any CPU.Build.0 = Release|Any CPU
		{F1522BD0-61E5-4058-BE8B-9BD2062B0CA1}.Release|Any CPU.Deploy.0 = Release|Any CPU
		{F1522BD0-61E5-4058-BE8B-9BD2062B0CA1}.Release|ARM.ActiveCfg = Release|Any CPU
		{F1522BD0-61E5-4058-BE8B-9BD2062B0CA1}.Release|ARM.Build.0 = Release|Any CPU
		{F1522BD0-61E5-4058-BE8B-9BD2062B0CA1}.Release|ARM.Deploy.0 = Release|Any CPU
		{F1522BD0-61E5-4058-BE8B-9BD2062B0CA1}.Release|iPhone.ActiveCfg = Release|Any CPU
		{F1522BD0-61E5-4058-BE8B-9BD2062B0CA1}.Release|iPhone.Build.0 = Release|Any CPU
		{F1522BD0-61E5-4058-BE8B-9BD2062B0CA1}.Release|iPhone.Deploy.0 = Release|Any CPU
		{F1522BD0-61E5-4058-BE8B-9BD2062B0CA1}.Release|iPhoneSimulator.ActiveCfg = Release|Any CPU
		{F1522BD0-61E5-4058-BE8B-9BD2062B0CA1}.Release|iPhoneSimulator.Build.0 = Release|Any CPU
		{F1522BD0-61E5-4058-BE8B-9BD2062B0CA1}.Release|iPhoneSimulator.Deploy.0 = Release|Any CPU
		{F1522BD0-61E5-4058-BE8B-9BD2062B0CA1}.Release|x64.ActiveCfg = Release|Any CPU
		{F1522BD0-61E5-4058-BE8B-9BD2062B0CA1}.Release|x64.Build.0 = Release|Any CPU
		{F1522BD0-61E5-4058-BE8B-9BD2062B0CA1}.Release|x64.Deploy.0 = Release|Any CPU
		{F1522BD0-61E5-4058-BE8B-9BD2062B0CA1}.Release|x86.ActiveCfg = Release|Any CPU
		{F1522BD0-61E5-4058-BE8B-9BD2062B0CA1}.Release|x86.Build.0 = Release|Any CPU
		{F1522BD0-61E5-4058-BE8B-9BD2062B0CA1}.Release|x86.Deploy.0 = Release|Any CPU
		{38D34C2B-D6DD-438B-8C71-8B0916499A86}.Ad-Hoc|Any CPU.ActiveCfg = Release|Any CPU
		{38D34C2B-D6DD-438B-8C71-8B0916499A86}.Ad-Hoc|Any CPU.Build.0 = Release|Any CPU
		{38D34C2B-D6DD-438B-8C71-8B0916499A86}.Ad-Hoc|ARM.ActiveCfg = Release|Any CPU
		{38D34C2B-D6DD-438B-8C71-8B0916499A86}.Ad-Hoc|ARM.Build.0 = Release|Any CPU
		{38D34C2B-D6DD-438B-8C71-8B0916499A86}.Ad-Hoc|iPhone.ActiveCfg = Release|Any CPU
		{38D34C2B-D6DD-438B-8C71-8B0916499A86}.Ad-Hoc|iPhone.Build.0 = Release|Any CPU
		{38D34C2B-D6DD-438B-8C71-8B0916499A86}.Ad-Hoc|iPhoneSimulator.ActiveCfg = Release|Any CPU
		{38D34C2B-D6DD-438B-8C71-8B0916499A86}.Ad-Hoc|iPhoneSimulator.Build.0 = Release|Any CPU
		{38D34C2B-D6DD-438B-8C71-8B0916499A86}.Ad-Hoc|x64.ActiveCfg = Release|Any CPU
		{38D34C2B-D6DD-438B-8C71-8B0916499A86}.Ad-Hoc|x64.Build.0 = Release|Any CPU
		{38D34C2B-D6DD-438B-8C71-8B0916499A86}.Ad-Hoc|x86.ActiveCfg = Release|Any CPU
		{38D34C2B-D6DD-438B-8C71-8B0916499A86}.Ad-Hoc|x86.Build.0 = Release|Any CPU
		{38D34C2B-D6DD-438B-8C71-8B0916499A86}.AppStore|Any CPU.ActiveCfg = Release|Any CPU
		{38D34C2B-D6DD-438B-8C71-8B0916499A86}.AppStore|Any CPU.Build.0 = Release|Any CPU
		{38D34C2B-D6DD-438B-8C71-8B0916499A86}.AppStore|ARM.ActiveCfg = Release|Any CPU
		{38D34C2B-D6DD-438B-8C71-8B0916499A86}.AppStore|ARM.Build.0 = Release|Any CPU
		{38D34C2B-D6DD-438B-8C71-8B0916499A86}.AppStore|iPhone.ActiveCfg = Release|Any CPU
		{38D34C2B-D6DD-438B-8C71-8B0916499A86}.AppStore|iPhone.Build.0 = Release|Any CPU
		{38D34C2B-D6DD-438B-8C71-8B0916499A86}.AppStore|iPhoneSimulator.ActiveCfg = Release|Any CPU
		{38D34C2B-D6DD-438B-8C71-8B0916499A86}.AppStore|iPhoneSimulator.Build.0 = Release|Any CPU
		{38D34C2B-D6DD-438B-8C71-8B0916499A86}.AppStore|x64.ActiveCfg = Release|Any CPU
		{38D34C2B-D6DD-438B-8C71-8B0916499A86}.AppStore|x64.Build.0 = Release|Any CPU
		{38D34C2B-D6DD-438B-8C71-8B0916499A86}.AppStore|x86.ActiveCfg = Release|Any CPU
		{38D34C2B-D6DD-438B-8C71-8B0916499A86}.AppStore|x86.Build.0 = Release|Any CPU
		{38D34C2B-D6DD-438B-8C71-8B0916499A86}.Debug|Any CPU.ActiveCfg = Debug|Any CPU
		{38D34C2B-D6DD-438B-8C71-8B0916499A86}.Debug|Any CPU.Build.0 = Debug|Any CPU
		{38D34C2B-D6DD-438B-8C71-8B0916499A86}.Debug|ARM.ActiveCfg = Debug|Any CPU
		{38D34C2B-D6DD-438B-8C71-8B0916499A86}.Debug|ARM.Build.0 = Debug|Any CPU
		{38D34C2B-D6DD-438B-8C71-8B0916499A86}.Debug|iPhone.ActiveCfg = Debug|Any CPU
		{38D34C2B-D6DD-438B-8C71-8B0916499A86}.Debug|iPhone.Build.0 = Debug|Any CPU
		{38D34C2B-D6DD-438B-8C71-8B0916499A86}.Debug|iPhoneSimulator.ActiveCfg = Debug|Any CPU
		{38D34C2B-D6DD-438B-8C71-8B0916499A86}.Debug|iPhoneSimulator.Build.0 = Debug|Any CPU
		{38D34C2B-D6DD-438B-8C71-8B0916499A86}.Debug|x64.ActiveCfg = Debug|Any CPU
		{38D34C2B-D6DD-438B-8C71-8B0916499A86}.Debug|x64.Build.0 = Debug|Any CPU
		{38D34C2B-D6DD-438B-8C71-8B0916499A86}.Debug|x86.ActiveCfg = Debug|Any CPU
		{38D34C2B-D6DD-438B-8C71-8B0916499A86}.Debug|x86.Build.0 = Debug|Any CPU
		{38D34C2B-D6DD-438B-8C71-8B0916499A86}.Release|Any CPU.ActiveCfg = Release|Any CPU
		{38D34C2B-D6DD-438B-8C71-8B0916499A86}.Release|Any CPU.Build.0 = Release|Any CPU
		{38D34C2B-D6DD-438B-8C71-8B0916499A86}.Release|ARM.ActiveCfg = Release|Any CPU
		{38D34C2B-D6DD-438B-8C71-8B0916499A86}.Release|ARM.Build.0 = Release|Any CPU
		{38D34C2B-D6DD-438B-8C71-8B0916499A86}.Release|iPhone.ActiveCfg = Release|Any CPU
		{38D34C2B-D6DD-438B-8C71-8B0916499A86}.Release|iPhone.Build.0 = Release|Any CPU
		{38D34C2B-D6DD-438B-8C71-8B0916499A86}.Release|iPhoneSimulator.ActiveCfg = Release|Any CPU
		{38D34C2B-D6DD-438B-8C71-8B0916499A86}.Release|iPhoneSimulator.Build.0 = Release|Any CPU
		{38D34C2B-D6DD-438B-8C71-8B0916499A86}.Release|x64.ActiveCfg = Release|Any CPU
		{38D34C2B-D6DD-438B-8C71-8B0916499A86}.Release|x64.Build.0 = Release|Any CPU
		{38D34C2B-D6DD-438B-8C71-8B0916499A86}.Release|x86.ActiveCfg = Release|Any CPU
		{38D34C2B-D6DD-438B-8C71-8B0916499A86}.Release|x86.Build.0 = Release|Any CPU
		{60ECEB7A-14E7-476E-B51D-4C8E3750D22D}.Ad-Hoc|Any CPU.ActiveCfg = Release|x86
		{60ECEB7A-14E7-476E-B51D-4C8E3750D22D}.Ad-Hoc|Any CPU.Build.0 = Release|x86
		{60ECEB7A-14E7-476E-B51D-4C8E3750D22D}.Ad-Hoc|Any CPU.Deploy.0 = Release|x86
		{60ECEB7A-14E7-476E-B51D-4C8E3750D22D}.Ad-Hoc|ARM.ActiveCfg = Release|ARM
		{60ECEB7A-14E7-476E-B51D-4C8E3750D22D}.Ad-Hoc|ARM.Build.0 = Release|ARM
		{60ECEB7A-14E7-476E-B51D-4C8E3750D22D}.Ad-Hoc|ARM.Deploy.0 = Release|ARM
		{60ECEB7A-14E7-476E-B51D-4C8E3750D22D}.Ad-Hoc|iPhone.ActiveCfg = Release|x86
		{60ECEB7A-14E7-476E-B51D-4C8E3750D22D}.Ad-Hoc|iPhone.Build.0 = Release|x86
		{60ECEB7A-14E7-476E-B51D-4C8E3750D22D}.Ad-Hoc|iPhone.Deploy.0 = Release|x86
		{60ECEB7A-14E7-476E-B51D-4C8E3750D22D}.Ad-Hoc|iPhoneSimulator.ActiveCfg = Release|x86
		{60ECEB7A-14E7-476E-B51D-4C8E3750D22D}.Ad-Hoc|iPhoneSimulator.Build.0 = Release|x86
		{60ECEB7A-14E7-476E-B51D-4C8E3750D22D}.Ad-Hoc|iPhoneSimulator.Deploy.0 = Release|x86
		{60ECEB7A-14E7-476E-B51D-4C8E3750D22D}.Ad-Hoc|x64.ActiveCfg = Release|x64
		{60ECEB7A-14E7-476E-B51D-4C8E3750D22D}.Ad-Hoc|x64.Build.0 = Release|x64
		{60ECEB7A-14E7-476E-B51D-4C8E3750D22D}.Ad-Hoc|x64.Deploy.0 = Release|x64
		{60ECEB7A-14E7-476E-B51D-4C8E3750D22D}.Ad-Hoc|x86.ActiveCfg = Release|x86
		{60ECEB7A-14E7-476E-B51D-4C8E3750D22D}.Ad-Hoc|x86.Build.0 = Release|x86
		{60ECEB7A-14E7-476E-B51D-4C8E3750D22D}.Ad-Hoc|x86.Deploy.0 = Release|x86
		{60ECEB7A-14E7-476E-B51D-4C8E3750D22D}.AppStore|Any CPU.ActiveCfg = Release|x86
		{60ECEB7A-14E7-476E-B51D-4C8E3750D22D}.AppStore|Any CPU.Build.0 = Release|x86
		{60ECEB7A-14E7-476E-B51D-4C8E3750D22D}.AppStore|Any CPU.Deploy.0 = Release|x86
		{60ECEB7A-14E7-476E-B51D-4C8E3750D22D}.AppStore|ARM.ActiveCfg = Release|ARM
		{60ECEB7A-14E7-476E-B51D-4C8E3750D22D}.AppStore|ARM.Build.0 = Release|ARM
		{60ECEB7A-14E7-476E-B51D-4C8E3750D22D}.AppStore|ARM.Deploy.0 = Release|ARM
		{60ECEB7A-14E7-476E-B51D-4C8E3750D22D}.AppStore|iPhone.ActiveCfg = Release|x86
		{60ECEB7A-14E7-476E-B51D-4C8E3750D22D}.AppStore|iPhone.Build.0 = Release|x86
		{60ECEB7A-14E7-476E-B51D-4C8E3750D22D}.AppStore|iPhone.Deploy.0 = Release|x86
		{60ECEB7A-14E7-476E-B51D-4C8E3750D22D}.AppStore|iPhoneSimulator.ActiveCfg = Release|x86
		{60ECEB7A-14E7-476E-B51D-4C8E3750D22D}.AppStore|iPhoneSimulator.Build.0 = Release|x86
		{60ECEB7A-14E7-476E-B51D-4C8E3750D22D}.AppStore|iPhoneSimulator.Deploy.0 = Release|x86
		{60ECEB7A-14E7-476E-B51D-4C8E3750D22D}.AppStore|x64.ActiveCfg = Release|x64
		{60ECEB7A-14E7-476E-B51D-4C8E3750D22D}.AppStore|x64.Build.0 = Release|x64
		{60ECEB7A-14E7-476E-B51D-4C8E3750D22D}.AppStore|x64.Deploy.0 = Release|x64
		{60ECEB7A-14E7-476E-B51D-4C8E3750D22D}.AppStore|x86.ActiveCfg = Release|x86
		{60ECEB7A-14E7-476E-B51D-4C8E3750D22D}.AppStore|x86.Build.0 = Release|x86
		{60ECEB7A-14E7-476E-B51D-4C8E3750D22D}.AppStore|x86.Deploy.0 = Release|x86
		{60ECEB7A-14E7-476E-B51D-4C8E3750D22D}.Debug|Any CPU.ActiveCfg = Debug|x86
		{60ECEB7A-14E7-476E-B51D-4C8E3750D22D}.Debug|ARM.ActiveCfg = Debug|ARM
		{60ECEB7A-14E7-476E-B51D-4C8E3750D22D}.Debug|ARM.Build.0 = Debug|ARM
		{60ECEB7A-14E7-476E-B51D-4C8E3750D22D}.Debug|ARM.Deploy.0 = Debug|ARM
		{60ECEB7A-14E7-476E-B51D-4C8E3750D22D}.Debug|iPhone.ActiveCfg = Debug|x86
		{60ECEB7A-14E7-476E-B51D-4C8E3750D22D}.Debug|iPhoneSimulator.ActiveCfg = Debug|x86
		{60ECEB7A-14E7-476E-B51D-4C8E3750D22D}.Debug|x64.ActiveCfg = Debug|x64
		{60ECEB7A-14E7-476E-B51D-4C8E3750D22D}.Debug|x64.Build.0 = Debug|x64
		{60ECEB7A-14E7-476E-B51D-4C8E3750D22D}.Debug|x64.Deploy.0 = Debug|x64
		{60ECEB7A-14E7-476E-B51D-4C8E3750D22D}.Debug|x86.ActiveCfg = Debug|x86
		{60ECEB7A-14E7-476E-B51D-4C8E3750D22D}.Debug|x86.Build.0 = Debug|x86
		{60ECEB7A-14E7-476E-B51D-4C8E3750D22D}.Debug|x86.Deploy.0 = Debug|x86
		{60ECEB7A-14E7-476E-B51D-4C8E3750D22D}.Release|Any CPU.ActiveCfg = Release|x86
		{60ECEB7A-14E7-476E-B51D-4C8E3750D22D}.Release|ARM.ActiveCfg = Release|ARM
		{60ECEB7A-14E7-476E-B51D-4C8E3750D22D}.Release|ARM.Build.0 = Release|ARM
		{60ECEB7A-14E7-476E-B51D-4C8E3750D22D}.Release|ARM.Deploy.0 = Release|ARM
		{60ECEB7A-14E7-476E-B51D-4C8E3750D22D}.Release|iPhone.ActiveCfg = Release|x86
		{60ECEB7A-14E7-476E-B51D-4C8E3750D22D}.Release|iPhoneSimulator.ActiveCfg = Release|x86
		{60ECEB7A-14E7-476E-B51D-4C8E3750D22D}.Release|x64.ActiveCfg = Release|x64
		{60ECEB7A-14E7-476E-B51D-4C8E3750D22D}.Release|x64.Build.0 = Release|x64
		{60ECEB7A-14E7-476E-B51D-4C8E3750D22D}.Release|x64.Deploy.0 = Release|x64
		{60ECEB7A-14E7-476E-B51D-4C8E3750D22D}.Release|x86.ActiveCfg = Release|x86
		{60ECEB7A-14E7-476E-B51D-4C8E3750D22D}.Release|x86.Build.0 = Release|x86
		{60ECEB7A-14E7-476E-B51D-4C8E3750D22D}.Release|x86.Deploy.0 = Release|x86
		{A3559416-732F-443B-8529-0B3FF74A021C}.Ad-Hoc|Any CPU.ActiveCfg = Ad-Hoc|iPhone
		{A3559416-732F-443B-8529-0B3FF74A021C}.Ad-Hoc|ARM.ActiveCfg = Ad-Hoc|iPhone
		{A3559416-732F-443B-8529-0B3FF74A021C}.Ad-Hoc|iPhone.ActiveCfg = Ad-Hoc|iPhone
		{A3559416-732F-443B-8529-0B3FF74A021C}.Ad-Hoc|iPhone.Build.0 = Ad-Hoc|iPhone
		{A3559416-732F-443B-8529-0B3FF74A021C}.Ad-Hoc|iPhoneSimulator.ActiveCfg = Ad-Hoc|iPhoneSimulator
		{A3559416-732F-443B-8529-0B3FF74A021C}.Ad-Hoc|iPhoneSimulator.Build.0 = Ad-Hoc|iPhoneSimulator
		{A3559416-732F-443B-8529-0B3FF74A021C}.Ad-Hoc|x64.ActiveCfg = Ad-Hoc|iPhone
		{A3559416-732F-443B-8529-0B3FF74A021C}.Ad-Hoc|x86.ActiveCfg = Ad-Hoc|iPhone
		{A3559416-732F-443B-8529-0B3FF74A021C}.AppStore|Any CPU.ActiveCfg = AppStore|iPhone
		{A3559416-732F-443B-8529-0B3FF74A021C}.AppStore|ARM.ActiveCfg = AppStore|iPhone
		{A3559416-732F-443B-8529-0B3FF74A021C}.AppStore|iPhone.ActiveCfg = AppStore|iPhone
		{A3559416-732F-443B-8529-0B3FF74A021C}.AppStore|iPhone.Build.0 = AppStore|iPhone
		{A3559416-732F-443B-8529-0B3FF74A021C}.AppStore|iPhoneSimulator.ActiveCfg = AppStore|iPhoneSimulator
		{A3559416-732F-443B-8529-0B3FF74A021C}.AppStore|iPhoneSimulator.Build.0 = AppStore|iPhoneSimulator
		{A3559416-732F-443B-8529-0B3FF74A021C}.AppStore|x64.ActiveCfg = AppStore|iPhone
		{A3559416-732F-443B-8529-0B3FF74A021C}.AppStore|x86.ActiveCfg = AppStore|iPhone
		{A3559416-732F-443B-8529-0B3FF74A021C}.Debug|Any CPU.ActiveCfg = Debug|iPhone
		{A3559416-732F-443B-8529-0B3FF74A021C}.Debug|ARM.ActiveCfg = Debug|iPhone
		{A3559416-732F-443B-8529-0B3FF74A021C}.Debug|iPhone.ActiveCfg = Debug|iPhone
		{A3559416-732F-443B-8529-0B3FF74A021C}.Debug|iPhone.Build.0 = Debug|iPhone
		{A3559416-732F-443B-8529-0B3FF74A021C}.Debug|iPhoneSimulator.ActiveCfg = Debug|iPhoneSimulator
		{A3559416-732F-443B-8529-0B3FF74A021C}.Debug|iPhoneSimulator.Build.0 = Debug|iPhoneSimulator
		{A3559416-732F-443B-8529-0B3FF74A021C}.Debug|x64.ActiveCfg = Debug|iPhone
		{A3559416-732F-443B-8529-0B3FF74A021C}.Debug|x86.ActiveCfg = Debug|iPhone
		{A3559416-732F-443B-8529-0B3FF74A021C}.Release|Any CPU.ActiveCfg = Release|iPhone
		{A3559416-732F-443B-8529-0B3FF74A021C}.Release|ARM.ActiveCfg = Release|iPhone
		{A3559416-732F-443B-8529-0B3FF74A021C}.Release|iPhone.ActiveCfg = Release|iPhone
		{A3559416-732F-443B-8529-0B3FF74A021C}.Release|iPhone.Build.0 = Release|iPhone
		{A3559416-732F-443B-8529-0B3FF74A021C}.Release|iPhoneSimulator.ActiveCfg = Release|iPhoneSimulator
		{A3559416-732F-443B-8529-0B3FF74A021C}.Release|iPhoneSimulator.Build.0 = Release|iPhoneSimulator
		{A3559416-732F-443B-8529-0B3FF74A021C}.Release|x64.ActiveCfg = Release|iPhone
		{A3559416-732F-443B-8529-0B3FF74A021C}.Release|x86.ActiveCfg = Release|iPhone
	EndGlobalSection
	GlobalSection(SolutionProperties) = preSolution
		HideSolutionNode = FALSE
	EndGlobalSection
EndGlobal
